
Microsoft Visual Studio Solution File, Format Version 12.00
# Visual Studio Version 17
VisualStudioVersion = 17.5.002.0
MinimumVisualStudioVersion = 10.0.40219.1
Project("{9A19103F-16F7-4668-BE54-9A1E7A4F7556}") = "Trump", "Trump.csproj", "{43ECFEC5-922B-42C7-8804-B201868D8820}"
EndProject
Global
	GlobalSection(SolutionConfigurationPlatforms) = preSolution
		Debug|Any CPU = Debug|Any CPU
		Release|Any CPU = Release|Any CPU
	EndGlobalSection
	GlobalSection(ProjectConfigurationPlatforms) = postSolution
		{43ECFEC5-922B-42C7-8804-B201868D8820}.Debug|Any CPU.ActiveCfg = Debug|Any CPU
		{43ECFEC5-922B-42C7-8804-B201868D8820}.Debug|Any CPU.Build.0 = Debug|Any CPU
		{43ECFEC5-922B-42C7-8804-B201868D8820}.Release|Any CPU.ActiveCfg = Release|Any CPU
		{43ECFEC5-922B-42C7-8804-B201868D8820}.Release|Any CPU.Build.0 = Release|Any CPU
	EndGlobalSection
	GlobalSection(SolutionProperties) = preSolution
		HideSolutionNode = FALSE
	EndGlobalSection
	GlobalSection(ExtensibilityGlobals) = postSolution
		SolutionGuid = {0427063E-FD46-4981-BC00-6F14329D63B9}
	EndGlobalSection
EndGlobal
